
Microsoft Visual Studio Solution File, Format Version 12.00
Project("{FAE04EC0-301F-11D3-BF4B-00C04F79EFBC}") = "ADS-ED2-28_08_2023", "ADS-ED2-28_08_2023\ADS-ED2-28_08_2023.csproj", "{6DAC4707-E830-497F-9D71-3302737FEE83}"
EndProject
Global
	GlobalSection(SolutionConfigurationPlatforms) = preSolution
		Debug|Any CPU = Debug|Any CPU
		Release|Any CPU = Release|Any CPU
	EndGlobalSection
	GlobalSection(ProjectConfigurationPlatforms) = postSolution
		{6DAC4707-E830-497F-9D71-3302737FEE83}.Debug|Any CPU.ActiveCfg = Debug|Any CPU
		{6DAC4707-E830-497F-9D71-3302737FEE83}.Debug|Any CPU.Build.0 = Debug|Any CPU
		{6DAC4707-E830-497F-9D71-3302737FEE83}.Release|Any CPU.ActiveCfg = Release|Any CPU
		{6DAC4707-E830-497F-9D71-3302737FEE83}.Release|Any CPU.Build.0 = Release|Any CPU
	EndGlobalSection
EndGlobal
